
Microsoft Visual Studio Solution File, Format Version 12.00
# Visual Studio Version 17
VisualStudioVersion = 17.0.31903.59
MinimumVisualStudioVersion = 10.0.40219.1
Project("{FAE04EC0-301F-11D3-BF4B-00C04F79EFBC}") = "KASHOP.PL", "KASHOP.PL\KASHOP.PL.csproj", "{F05210B7-EB41-409D-86E9-0094A18E8E13}"
EndProject
Project("{FAE04EC0-301F-11D3-BF4B-00C04F79EFBC}") = "KASHOP.BLL", "KASHOP.BLL\KASHOP.BLL.csproj", "{132D86F5-BB64-4DEB-92C5-8F0BA222D4C2}"
EndProject
Project("{FAE04EC0-301F-11D3-BF4B-00C04F79EFBC}") = "KASHOP.DAL", "KASHOP.DAL\KASHOP.DAL.csproj", "{2B43F916-03BC-403E-BDDB-0678F95E771E}"
EndProject
Global
	GlobalSection(SolutionConfigurationPlatforms) = preSolution
		Debug|Any CPU = Debug|Any CPU
		Debug|x64 = Debug|x64
		Debug|x86 = Debug|x86
		Release|Any CPU = Release|Any CPU
		Release|x64 = Release|x64
		Release|x86 = Release|x86
	EndGlobalSection
	GlobalSection(ProjectConfigurationPlatforms) = postSolution
		{F05210B7-EB41-409D-86E9-0094A18E8E13}.Debug|Any CPU.ActiveCfg = Debug|Any CPU
		{F05210B7-EB41-409D-86E9-0094A18E8E13}.Debug|Any CPU.Build.0 = Debug|Any CPU
		{F05210B7-EB41-409D-86E9-0094A18E8E13}.Debug|x64.ActiveCfg = Debug|Any CPU
		{F05210B7-EB41-409D-86E9-0094A18E8E13}.Debug|x64.Build.0 = Debug|Any CPU
		{F05210B7-EB41-409D-86E9-0094A18E8E13}.Debug|x86.ActiveCfg = Debug|Any CPU
		{F05210B7-EB41-409D-86E9-0094A18E8E13}.Debug|x86.Build.0 = Debug|Any CPU
		{F05210B7-EB41-409D-86E9-0094A18E8E13}.Release|Any CPU.ActiveCfg = Release|Any CPU
		{F05210B7-EB41-409D-86E9-0094A18E8E13}.Release|Any CPU.Build.0 = Release|Any CPU
		{F05210B7-EB41-409D-86E9-0094A18E8E13}.Release|x64.ActiveCfg = Release|Any CPU
		{F05210B7-EB41-409D-86E9-0094A18E8E13}.Release|x64.Build.0 = Release|Any CPU
		{F05210B7-EB41-409D-86E9-0094A18E8E13}.Release|x86.ActiveCfg = Release|Any CPU
		{F05210B7-EB41-409D-86E9-0094A18E8E13}.Release|x86.Build.0 = Release|Any CPU
		{132D86F5-BB64-4DEB-92C5-8F0BA222D4C2}.Debug|Any CPU.ActiveCfg = Debug|Any CPU
		{132D86F5-BB64-4DEB-92C5-8F0BA222D4C2}.Debug|Any CPU.Build.0 = Debug|Any CPU
		{132D86F5-BB64-4DEB-92C5-8F0BA222D4C2}.Debug|x64.ActiveCfg = Debug|Any CPU
		{132D86F5-BB64-4DEB-92C5-8F0BA222D4C2}.Debug|x64.Build.0 = Debug|Any CPU
		{132D86F5-BB64-4DEB-92C5-8F0BA222D4C2}.Debug|x86.ActiveCfg = Debug|Any CPU
		{132D86F5-BB64-4DEB-92C5-8F0BA222D4C2}.Debug|x86.Build.0 = Debug|Any CPU
		{132D86F5-BB64-4DEB-92C5-8F0BA222D4C2}.Release|Any CPU.ActiveCfg = Release|Any CPU
		{132D86F5-BB64-4DEB-92C5-8F0BA222D4C2}.Release|Any CPU.Build.0 = Release|Any CPU
		{132D86F5-BB64-4DEB-92C5-8F0BA222D4C2}.Release|x64.ActiveCfg = Release|Any CPU
		{132D86F5-BB64-4DEB-92C5-8F0BA222D4C2}.Release|x64.Build.0 = Release|Any CPU
		{132D86F5-BB64-4DEB-92C5-8F0BA222D4C2}.Release|x86.ActiveCfg = Release|Any CPU
		{132D86F5-BB64-4DEB-92C5-8F0BA222D4C2}.Release|x86.Build.0 = Release|Any CPU
		{2B43F916-03BC-403E-BDDB-0678F95E771E}.Debug|Any CPU.ActiveCfg = Debug|Any CPU
		{2B43F916-03BC-403E-BDDB-0678F95E771E}.Debug|Any CPU.Build.0 = Debug|Any CPU
		{2B43F916-03BC-403E-BDDB-0678F95E771E}.Debug|x64.ActiveCfg = Debug|Any CPU
		{2B43F916-03BC-403E-BDDB-0678F95E771E}.Debug|x64.Build.0 = Debug|Any CPU
		{2B43F916-03BC-403E-BDDB-0678F95E771E}.Debug|x86.ActiveCfg = Debug|Any CPU
		{2B43F916-03BC-403E-BDDB-0678F95E771E}.Debug|x86.Build.0 = Debug|Any CPU
		{2B43F916-03BC-403E-BDDB-0678F95E771E}.Release|Any CPU.ActiveCfg = Release|Any CPU
		{2B43F916-03BC-403E-BDDB-0678F95E771E}.Release|Any CPU.Build.0 = Release|Any CPU
		{2B43F916-03BC-403E-BDDB-0678F95E771E}.Release|x64.ActiveCfg = Release|Any CPU
		{2B43F916-03BC-403E-BDDB-0678F95E771E}.Release|x64.Build.0 = Release|Any CPU
		{2B43F916-03BC-403E-BDDB-0678F95E771E}.Release|x86.ActiveCfg = Release|Any CPU
		{2B43F916-03BC-403E-BDDB-0678F95E771E}.Release|x86.Build.0 = Release|Any CPU
	EndGlobalSection
	GlobalSection(SolutionProperties) = preSolution
		HideSolutionNode = FALSE
	EndGlobalSection
EndGlobal
